# Code generated by scarb DO NOT EDIT.
version = 1

[[package]]
name = "alexandria_bytes"
version = "0.1.0"
source = "git+https://github.com/keep-starknet-strange/alexandria.git#8ddf02430dfe04656ed5bf1b99de7024da1aef41"
dependencies = [
 "alexandria_data_structures",
 "alexandria_math",
]

[[package]]
name = "alexandria_data_structures"
version = "0.2.0"
source = "git+https://github.com/keep-starknet-strange/alexandria.git#8ddf02430dfe04656ed5bf1b99de7024da1aef41"
dependencies = [
 "alexandria_encoding",
]

[[package]]
name = "alexandria_encoding"
version = "0.1.0"
source = "git+https://github.com/keep-starknet-strange/alexandria.git#8ddf02430dfe04656ed5bf1b99de7024da1aef41"
dependencies = [
 "alexandria_math",
 "alexandria_numeric",
]

[[package]]
name = "alexandria_math"
version = "0.2.0"
source = "git+https://github.com/keep-starknet-strange/alexandria.git#8ddf02430dfe04656ed5bf1b99de7024da1aef41"
dependencies = [
 "alexandria_data_structures",
]

[[package]]
name = "alexandria_numeric"
version = "0.1.0"
source = "git+https://github.com/keep-starknet-strange/alexandria.git#8ddf02430dfe04656ed5bf1b99de7024da1aef41"
dependencies = [
 "alexandria_math",
]

[[package]]
name = "blobstream_sn"
version = "0.1.0"
dependencies = [
 "alexandria_bytes",
 "alexandria_math",
 "openzeppelin",
 "snforge_std",
]

[[package]]
name = "openzeppelin"
version = "0.8.1"
source = "git+https://github.com/OpenZeppelin/cairo-contracts.git?rev=2815498#2815498b82e7cbc163cb9af9895bd573213d0f94"

[[package]]
name = "snforge_std"
version = "0.17.0"
source = "git+https://github.com/foundry-rs/starknet-foundry?tag=v0.17.0#63f7f0b533a3d852e2b60214e0f40b99c9dcbb26"
