# Code generated by scarb DO NOT EDIT.
version = 1

[[package]]
name = "alexandria_bytes"
version = "0.1.0"
source = "git+https://github.com/keep-starknet-strange/alexandria.git#8ddf02430dfe04656ed5bf1b99de7024da1aef41"
dependencies = [
 "alexandria_data_structures",
 "alexandria_math",
]

[[package]]
name = "alexandria_data_structures"
version = "0.2.0"
source = "git+https://github.com/keep-starknet-strange/alexandria.git#8ddf02430dfe04656ed5bf1b99de7024da1aef41"
dependencies = [
 "alexandria_encoding",
]

[[package]]
name = "alexandria_encoding"
version = "0.1.0"
source = "git+https://github.com/keep-starknet-strange/alexandria.git#8ddf02430dfe04656ed5bf1b99de7024da1aef41"
dependencies = [
 "alexandria_math",
 "alexandria_numeric",
]

[[package]]
name = "alexandria_math"
version = "0.2.0"
source = "git+https://github.com/keep-starknet-strange/alexandria.git#8ddf02430dfe04656ed5bf1b99de7024da1aef41"
dependencies = [
 "alexandria_data_structures",
]

[[package]]
name = "alexandria_numeric"
version = "0.1.0"
source = "git+https://github.com/keep-starknet-strange/alexandria.git#8ddf02430dfe04656ed5bf1b99de7024da1aef41"
dependencies = [
 "alexandria_math",
]

[[package]]
name = "blobstream_sn"
version = "0.1.0"
dependencies = [
 "alexandria_bytes",
 "alexandria_math",
 "openzeppelin",
 "snforge_std",
]

[[package]]
name = "openzeppelin"
version = "0.8.0"
source = "git+https://github.com/ametel01/cairo-contracts.git?rev=a46a6b9#a46a6b9bfaf8b4c0fccbcbfd0c114ac5254968c1"

[[package]]
name = "snforge_std"
version = "0.16.0"
source = "git+https://github.com/foundry-rs/starknet-foundry?tag=v0.16.0#f58e0ab42b6095b7d0cb841ede595aecbc9cb45d"
